
Microsoft Visual Studio Solution File, Format Version 12.00
# Visual Studio Version 16
VisualStudioVersion = 16.0.31321.278
MinimumVisualStudioVersion = 10.0.40219.1
Project("{9A19103F-16F7-4668-BE54-9A1E7A4F7556}") = "MvcMCBA", "MvcMCBA.csproj", "{2F0756CE-D285-4709-811A-C4C933BBCEC1}"
EndProject
Project("{9A19103F-16F7-4668-BE54-9A1E7A4F7556}") = "DataValidator", "..\UserInputValidator\DataValidator.csproj", "{1B5C1FDF-1995-4ABA-96ED-99E04150246D}"
EndProject
Project("{FAE04EC0-301F-11D3-BF4B-00C04F79EFBC}") = "WebAPI", "..\WebAPI\WebAPI.csproj", "{084CDC1D-CB31-4C99-903A-3C849119EA6B}"
EndProject
Global
	GlobalSection(SolutionConfigurationPlatforms) = preSolution
		Debug|Any CPU = Debug|Any CPU
		Release|Any CPU = Release|Any CPU
	EndGlobalSection
	GlobalSection(ProjectConfigurationPlatforms) = postSolution
		{2F0756CE-D285-4709-811A-C4C933BBCEC1}.Debug|Any CPU.ActiveCfg = Debug|Any CPU
		{2F0756CE-D285-4709-811A-C4C933BBCEC1}.Debug|Any CPU.Build.0 = Debug|Any CPU
		{2F0756CE-D285-4709-811A-C4C933BBCEC1}.Release|Any CPU.ActiveCfg = Release|Any CPU
		{2F0756CE-D285-4709-811A-C4C933BBCEC1}.Release|Any CPU.Build.0 = Release|Any CPU
		{1B5C1FDF-1995-4ABA-96ED-99E04150246D}.Debug|Any CPU.ActiveCfg = Debug|Any CPU
		{1B5C1FDF-1995-4ABA-96ED-99E04150246D}.Debug|Any CPU.Build.0 = Debug|Any CPU
		{1B5C1FDF-1995-4ABA-96ED-99E04150246D}.Release|Any CPU.ActiveCfg = Release|Any CPU
		{1B5C1FDF-1995-4ABA-96ED-99E04150246D}.Release|Any CPU.Build.0 = Release|Any CPU
		{084CDC1D-CB31-4C99-903A-3C849119EA6B}.Debug|Any CPU.ActiveCfg = Debug|Any CPU
		{084CDC1D-CB31-4C99-903A-3C849119EA6B}.Debug|Any CPU.Build.0 = Debug|Any CPU
		{084CDC1D-CB31-4C99-903A-3C849119EA6B}.Release|Any CPU.ActiveCfg = Release|Any CPU
		{084CDC1D-CB31-4C99-903A-3C849119EA6B}.Release|Any CPU.Build.0 = Release|Any CPU
	EndGlobalSection
	GlobalSection(SolutionProperties) = preSolution
		HideSolutionNode = FALSE
	EndGlobalSection
	GlobalSection(ExtensibilityGlobals) = postSolution
		SolutionGuid = {EF56C050-A6D3-4FBF-BCC6-C18EAA0CC89B}
	EndGlobalSection
EndGlobal
